<?xml version="1.0" encoding="utf-8"?>
<Project ToolsVersion="4.0" xmlns="http://schemas.microsoft.com/developer/msbuild/2003">
  <ItemGroup>
    <Filter Include="Source Files">
      <UniqueIdentifier>{4FC737F1-C7A5-4376-A066-2A32D752A2FF}</UniqueIdentifier>
      <Extensions>cpp;c;cc;cxx;def;odl;idl;hpj;bat;asm;asmx</Extensions>
    </Filter>
    <Filter Include="Header Files">
      <UniqueIdentifier>{93995380-89BD-4b04-88EB-625FBE52EBFB}</UniqueIdentifier>
      <Extensions>h;hh;hpp;hxx;hm;inl;inc;xsd</Extensions>
    </Filter>
    <Filter Include="Resource Files">
      <UniqueIdentifier>{67DA6AB6-F800-4c08-8B7A-83BB121AAD01}</UniqueIdentifier>
      <Extensions>rc;ico;cur;bmp;dlg;rc2;rct;bin;rgs;gif;jpg;jpeg;jpe;resx;tiff;tif;png;wav</Extensions>
    </Filter>
  </ItemGroup>
  <ItemGroup>
    <ClInclude Include="inc\application.h">
      <Filter>Header Files</Filter>
    </ClInclude>
    <ClInclude Include="inc\debug.h">
      <Filter>Header Files</Filter>
    </ClInclude>
    <ClInclude Include="inc\debug_ui.h">
      <Filter>Header Files</Filter>
    </ClInclude>
    <ClInclude Include="inc\input.h">
      <Filter>Header Files</Filter>
    </ClInclude>
    <ClInclude Include="inc\scenegraph\camera.h">
      <Filter>Header Files</Filter>
    </ClInclude>
    <ClInclude Include="inc\scenegraph\object.h">
      <Filter>Header Files</Filter>
    </ClInclude>
    <ClInclude Include="inc\scenegraph\scene.h">
      <Filter>Header Files</Filter>
    </ClInclude>
    <ClInclude Include="inc\math\matrix3.h">
      <Filter>Header Files</Filter>
    </ClInclude>
    <ClInclude Include="inc\math\matrix4.h">
      <Filter>Header Files</Filter>
    </ClInclude>
    <ClInclude Include="inc\math\vector2.h">
      <Filter>Header Files</Filter>
    </ClInclude>
    <ClInclude Include="inc\math\vector3.h">
      <Filter>Header Files</Filter>
    </ClInclude>
    <ClInclude Include="inc\math\vector4.h">
      <Filter>Header Files</Filter>
    </ClInclude>
    <ClInclude Include="inc\graphics\buffer.h">
      <Filter>Header Files</Filter>
    </ClInclude>
    <ClInclude Include="inc\graphics\image.h">
      <Filter>Header Files</Filter>
    </ClInclude>
    <ClInclude Include="inc\graphics\mesh.h">
      <Filter>Header Files</Filter>
    </ClInclude>
    <ClInclude Include="inc\graphics\physical_device.h">
      <Filter>Header Files</Filter>
    </ClInclude>
    <ClInclude Include="inc\graphics\pipeline.h">
      <Filter>Header Files</Filter>
    </ClInclude>
    <ClInclude Include="inc\graphics\render_pass.h">
      <Filter>Header Files</Filter>
    </ClInclude>
    <ClInclude Include="inc\graphics\resource.h">
      <Filter>Header Files</Filter>
    </ClInclude>
    <ClInclude Include="inc\graphics\resource_manager.h">
      <Filter>Header Files</Filter>
    </ClInclude>
    <ClInclude Include="inc\graphics\shader.h">
      <Filter>Header Files</Filter>
    </ClInclude>
    <ClInclude Include="inc\graphics\swapchain.h">
      <Filter>Header Files</Filter>
    </ClInclude>
    <ClInclude Include="inc\deserialiser.h">
      <Filter>Header Files</Filter>
    </ClInclude>
    <ClInclude Include="inc\scenegraph\mesh_node.h">
      <Filter>Header Files</Filter>
    </ClInclude>
    <ClInclude Include="inc\scenegraph\node.h">
      <Filter>Header Files</Filter>
    </ClInclude>
    <ClInclude Include="inc\scenegraph\transform.h">
      <Filter>Header Files</Filter>
    </ClInclude>
    <ClInclude Include="inc\math\quaternion.h">
      <Filter>Header Files</Filter>
    </ClInclude>
  </ItemGroup>
  <ItemGroup>
    <ClCompile Include="src\application.cpp">
      <Filter>Source Files</Filter>
    </ClCompile>
    <ClCompile Include="src\debug.cpp">
      <Filter>Source Files</Filter>
    </ClCompile>
    <ClCompile Include="src\input.cpp">
      <Filter>Source Files</Filter>
    </ClCompile>
    <ClCompile Include="src\main.cpp">
      <Filter>Source Files</Filter>
    </ClCompile>
    <ClCompile Include="src\scenegraph\scene.cpp">
      <Filter>Source Files</Filter>
    </ClCompile>
    <ClCompile Include="src\graphics\buffer.cpp">
      <Filter>Source Files</Filter>
    </ClCompile>
    <ClCompile Include="src\graphics\image.cpp">
      <Filter>Source Files</Filter>
    </ClCompile>
    <ClCompile Include="src\graphics\mesh.cpp">
      <Filter>Source Files</Filter>
    </ClCompile>
    <ClCompile Include="src\graphics\physical_device.cpp">
      <Filter>Source Files</Filter>
    </ClCompile>
    <ClCompile Include="src\graphics\pipeline.cpp">
      <Filter>Source Files</Filter>
    </ClCompile>
    <ClCompile Include="src\graphics\render_pass.cpp">
      <Filter>Source Files</Filter>
    </ClCompile>
    <ClCompile Include="src\graphics\resource.cpp">
      <Filter>Source Files</Filter>
    </ClCompile>
    <ClCompile Include="src\graphics\resource_manager.cpp">
      <Filter>Source Files</Filter>
    </ClCompile>
    <ClCompile Include="src\graphics\shader.cpp">
      <Filter>Source Files</Filter>
    </ClCompile>
    <ClCompile Include="src\graphics\swapchain.cpp">
      <Filter>Source Files</Filter>
    </ClCompile>
    <ClCompile Include="src\deserialiser.cpp">
      <Filter>Source Files</Filter>
    </ClCompile>
  </ItemGroup>
</Project>